# generated by rye
# use `rye lock` or `rye sync` to update this lockfile
#
# last locked with the following flags:
#   pre: false
#   features: []
#   all-features: false
#   with-sources: false

-e file:.
alembic==1.13.1
    # via optuna
anyio==3.7.1
    # via jupyter-server
appnope==0.1.4
    # via ipykernel
argon2-cffi==23.1.0
    # via jupyter-server
    # via nbclassic
    # via notebook
argon2-cffi-bindings==21.2.0
    # via argon2-cffi
asttokens==2.4.1
    # via stack-data
attrs==23.2.0
    # via jsonschema
    # via referencing
beautifulsoup4==4.12.3
    # via nbconvert
bleach==6.1.0
    # via nbconvert
certifi==2024.2.2
    # via httpx
cffi==1.16.0
    # via argon2-cffi-bindings
chardet==3.0.4
    # via httpx
colorlog==6.8.2
    # via optuna
comm==0.2.2
    # via ipykernel
    # via ipywidgets
contourpy==1.2.0
    # via matplotlib
cycler==0.12.1
    # via matplotlib
debugpy==1.8.1
    # via ipykernel
decorator==5.1.1
    # via ipython
defusedxml==0.7.1
    # via nbconvert
entrypoints==0.4
    # via nbconvert
executing==2.0.1
    # via stack-data
fonttools==4.50.0
    # via matplotlib
googletrans==3.0.0
    # via brazilian-e-commerce-kaggle
h11==0.9.0
    # via httpcore
h2==3.2.0
    # via httpcore
hpack==3.0.0
    # via h2
hstspreload==2024.3.1
    # via httpx
httpcore==0.9.1
    # via httpx
httpx==0.13.3
    # via googletrans
hyperframe==5.2.0
    # via h2
idna==2.10
    # via anyio
    # via httpx
ipykernel==6.29.4
    # via brazilian-e-commerce-kaggle
    # via jupyter
    # via jupyter-console
    # via nbclassic
    # via notebook
    # via qtconsole
ipython==8.22.2
    # via ipykernel
    # via ipywidgets
    # via jupyter-console
ipython-genutils==0.2.0
    # via nbclassic
    # via notebook
ipywidgets==8.1.2
    # via jupyter
japanize-matplotlib==1.1.3
    # via brazilian-e-commerce-kaggle
jedi==0.19.1
    # via ipython
jinja2==3.1.3
    # via jupyter-server
    # via nbclassic
    # via nbconvert
    # via notebook
joblib==1.3.2
    # via scikit-learn
jsonschema==4.21.1
    # via nbformat
jsonschema-specifications==2023.12.1
    # via jsonschema
jupyter==1.0.0
    # via brazilian-e-commerce-kaggle
jupyter-client==8.6.1
    # via ipykernel
    # via jupyter-console
    # via jupyter-server
    # via nbclassic
    # via nbclient
    # via notebook
    # via qtconsole
jupyter-console==6.6.3
    # via jupyter
jupyter-core==5.7.2
    # via ipykernel
    # via jupyter-client
    # via jupyter-console
    # via jupyter-server
    # via nbclassic
    # via nbclient
    # via nbconvert
    # via nbformat
    # via notebook
    # via qtconsole
jupyter-server==1.24.0
    # via nbclassic
    # via notebook-shim
jupyterlab-pygments==0.3.0
    # via nbconvert
jupyterlab-widgets==3.0.10
    # via ipywidgets
kiwisolver==1.4.5
    # via matplotlib
lightgbm==4.3.0
    # via brazilian-e-commerce-kaggle
lxml==5.1.1
    # via nbconvert
mako==1.3.2
    # via alembic
markupsafe==2.1.5
    # via jinja2
    # via mako
    # via nbconvert
matplotlib==3.8.0
    # via brazilian-e-commerce-kaggle
    # via japanize-matplotlib
    # via seaborn
matplotlib-inline==0.1.6
    # via ipykernel
    # via ipython
mistune==0.8.4
    # via nbconvert
nbclassic==1.0.0
    # via notebook
nbclient==0.10.0
    # via nbconvert
nbconvert==6.5.4
    # via brazilian-e-commerce-kaggle
    # via jupyter
    # via jupyter-server
    # via nbclassic
    # via notebook
nbformat==5.2.0
    # via brazilian-e-commerce-kaggle
    # via jupyter-server
    # via nbclassic
    # via nbclient
    # via nbconvert
    # via notebook
nest-asyncio==1.6.0
    # via ipykernel
    # via nbclassic
    # via notebook
notebook==6.5.4
    # via jupyter
notebook-shim==0.2.4
    # via nbclassic
numpy==1.25.2
    # via brazilian-e-commerce-kaggle
    # via contourpy
    # via lightgbm
    # via matplotlib
    # via optuna
    # via pandas
    # via scikit-learn
    # via scipy
    # via seaborn
optuna==3.6.0
    # via brazilian-e-commerce-kaggle
packaging==24.0
    # via ipykernel
    # via jupyter-server
    # via matplotlib
    # via nbconvert
    # via optuna
    # via qtconsole
    # via qtpy
pandas==2.1.4
    # via brazilian-e-commerce-kaggle
    # via seaborn
pandocfilters==1.5.1
    # via nbconvert
parso==0.8.3
    # via jedi
pexpect==4.9.0
    # via ipython
pillow==10.2.0
    # via matplotlib
platformdirs==4.2.0
    # via jupyter-core
prometheus-client==0.20.0
    # via jupyter-server
    # via nbclassic
    # via notebook
prompt-toolkit==3.0.43
    # via ipython
    # via jupyter-console
psutil==5.9.8
    # via ipykernel
ptyprocess==0.7.0
    # via pexpect
    # via terminado
pure-eval==0.2.2
    # via stack-data
pycparser==2.21
    # via cffi
pygments==2.17.2
    # via ipython
    # via jupyter-console
    # via nbconvert
    # via qtconsole
pyparsing==3.1.2
    # via matplotlib
python-dateutil==2.9.0.post0
    # via jupyter-client
    # via matplotlib
    # via pandas
pytz==2024.1
    # via pandas
pyyaml==6.0.1
    # via optuna
pyzmq==25.1.2
    # via ipykernel
    # via jupyter-client
    # via jupyter-console
    # via jupyter-server
    # via nbclassic
    # via notebook
    # via qtconsole
qtconsole==5.5.1
    # via jupyter
qtpy==2.4.1
    # via qtconsole
referencing==0.34.0
    # via jsonschema
    # via jsonschema-specifications
rfc3986==1.5.0
    # via httpx
rpds-py==0.18.0
    # via jsonschema
    # via referencing
scikit-learn==1.2.2
    # via brazilian-e-commerce-kaggle
scipy==1.11.4
    # via lightgbm
    # via scikit-learn
seaborn==0.13.1
    # via brazilian-e-commerce-kaggle
send2trash==1.8.2
    # via jupyter-server
    # via nbclassic
    # via notebook
setuptools==69.2.0
    # via brazilian-e-commerce-kaggle
six==1.16.0
    # via asttokens
    # via bleach
    # via python-dateutil
sniffio==1.3.1
    # via anyio
    # via httpcore
    # via httpx
soupsieve==2.5
    # via beautifulsoup4
sqlalchemy==2.0.29
    # via alembic
    # via optuna
stack-data==0.6.3
    # via ipython
terminado==0.18.1
    # via jupyter-server
    # via nbclassic
    # via notebook
threadpoolctl==3.4.0
    # via scikit-learn
tinycss2==1.2.1
    # via nbconvert
tornado==6.4
    # via ipykernel
    # via jupyter-client
    # via jupyter-server
    # via nbclassic
    # via notebook
    # via terminado
tqdm==4.66.2
    # via brazilian-e-commerce-kaggle
    # via optuna
traitlets==5.14.2
    # via comm
    # via ipykernel
    # via ipython
    # via ipywidgets
    # via jupyter-client
    # via jupyter-console
    # via jupyter-core
    # via jupyter-server
    # via matplotlib-inline
    # via nbclassic
    # via nbclient
    # via nbconvert
    # via nbformat
    # via notebook
    # via qtconsole
typing-extensions==4.10.0
    # via alembic
    # via sqlalchemy
tzdata==2024.1
    # via pandas
wcwidth==0.2.13
    # via prompt-toolkit
webencodings==0.5.1
    # via bleach
    # via tinycss2
websocket-client==1.7.0
    # via jupyter-server
widgetsnbextension==4.0.10
    # via ipywidgets
